
Microsoft Visual Studio Solution File, Format Version 12.00
# Visual Studio Version 16
VisualStudioVersion = 16.0.29411.108
MinimumVisualStudioVersion = 10.0.40219.1
Project("{2150E333-8FDC-42A3-9474-1A3956D46DE8}") = "src", "src", "{6919C904-8C32-4598-8C6D-D2888BA14BB9}"
EndProject
Project("{2150E333-8FDC-42A3-9474-1A3956D46DE8}") = "test", "test", "{9C3663E8-9252-4B4C-B8CF-7F2D26BC0E1C}"
EndProject
Project("{2150E333-8FDC-42A3-9474-1A3956D46DE8}") = "1 - Api", "1 - Api", "{0DA8F2C7-3673-4342-872C-416C86F4C932}"
EndProject
Project("{2150E333-8FDC-42A3-9474-1A3956D46DE8}") = "2 - Application", "2 - Application", "{635460D4-81A6-467E-B2E2-BE5F265AA308}"
EndProject
Project("{2150E333-8FDC-42A3-9474-1A3956D46DE8}") = "3 - Domain", "3 - Domain", "{1C05B751-5F85-488A-B656-8073D148F211}"
EndProject
Project("{2150E333-8FDC-42A3-9474-1A3956D46DE8}") = "4 - Infra", "4 - Infra", "{5BD17C53-D25D-421A-8898-26C251FA626A}"
EndProject
Project("{9A19103F-16F7-4668-BE54-9A1E7A4F7556}") = "PagueVeloz.Teste.Api", "..\src\PagueVeloz.Teste.Api\PagueVeloz.Teste.Api.csproj", "{2D67CCF5-43DE-47AE-85BF-0F1D5564A8F6}"
EndProject
Project("{9A19103F-16F7-4668-BE54-9A1E7A4F7556}") = "PagueVeloz.Teste.Application", "..\src\PagueVeloz.Teste.Application\PagueVeloz.Teste.Application.csproj", "{ABA60725-010E-4C77-8948-ECCE70ECB9FF}"
EndProject
Project("{9A19103F-16F7-4668-BE54-9A1E7A4F7556}") = "PagueVeloz.Teste.Domain", "..\src\PagueVeloz.Teste.Domain\PagueVeloz.Teste.Domain.csproj", "{7E4CE48B-096D-45E4-88EB-23E6D4C3D909}"
EndProject
Project("{2150E333-8FDC-42A3-9474-1A3956D46DE8}") = "4.1 - Data", "4.1 - Data", "{D6A51DC7-74B6-4C9D-B774-2FA4531CEAC7}"
EndProject
Project("{2150E333-8FDC-42A3-9474-1A3956D46DE8}") = "4.2 - CrossCutting", "4.2 - CrossCutting", "{5C917A6D-652D-4C45-BCB8-926D5EF01311}"
EndProject
Project("{9A19103F-16F7-4668-BE54-9A1E7A4F7556}") = "PagueVeloz.Teste.Infra.Data", "..\src\PagueVeloz.Teste.Infra.Data\PagueVeloz.Teste.Infra.Data.csproj", "{7BF38F6A-455D-425A-85FA-596F2ABB128B}"
EndProject
Project("{9A19103F-16F7-4668-BE54-9A1E7A4F7556}") = "PagueVeloz.Teste.Infra.CrossCutting.IoC", "..\src\PagueVeloz.Teste.Infra.CrossCutting.IoC\PagueVeloz.Teste.Infra.CrossCutting.IoC.csproj", "{D06FDE4B-276F-4641-9EF9-C4E7CE5381C4}"
EndProject
Project("{9A19103F-16F7-4668-BE54-9A1E7A4F7556}") = "PagueVeloz.Teste.Domain.Core", "..\src\PagueVeloz.Teste.Domain.Core\PagueVeloz.Teste.Domain.Core.csproj", "{5F24C6F4-6F5B-4388-9BC5-8C0A00336886}"
EndProject
Project("{9A19103F-16F7-4668-BE54-9A1E7A4F7556}") = "PagueVeloz.Teste.Domain.Tests", "..\test\PagueVeloz.Teste.Domain.Tests\PagueVeloz.Teste.Domain.Tests.csproj", "{A792EA33-D7F7-43CD-B75F-7BB18C9CC517}"
EndProject
Project("{9A19103F-16F7-4668-BE54-9A1E7A4F7556}") = "PagueVeloz.Teste.Infra.CrossCutting.Bus", "..\src\PagueVeloz.Teste.Infra.CrossCutting.Bus\PagueVeloz.Teste.Infra.CrossCutting.Bus.csproj", "{C0CF3FB5-BD53-4584-9D98-77AAFE87E4B1}"
EndProject
Global
	GlobalSection(SolutionConfigurationPlatforms) = preSolution
		Debug|Any CPU = Debug|Any CPU
		Release|Any CPU = Release|Any CPU
	EndGlobalSection
	GlobalSection(ProjectConfigurationPlatforms) = postSolution
		{2D67CCF5-43DE-47AE-85BF-0F1D5564A8F6}.Debug|Any CPU.ActiveCfg = Debug|Any CPU
		{2D67CCF5-43DE-47AE-85BF-0F1D5564A8F6}.Debug|Any CPU.Build.0 = Debug|Any CPU
		{2D67CCF5-43DE-47AE-85BF-0F1D5564A8F6}.Release|Any CPU.ActiveCfg = Release|Any CPU
		{2D67CCF5-43DE-47AE-85BF-0F1D5564A8F6}.Release|Any CPU.Build.0 = Release|Any CPU
		{ABA60725-010E-4C77-8948-ECCE70ECB9FF}.Debug|Any CPU.ActiveCfg = Debug|Any CPU
		{ABA60725-010E-4C77-8948-ECCE70ECB9FF}.Debug|Any CPU.Build.0 = Debug|Any CPU
		{ABA60725-010E-4C77-8948-ECCE70ECB9FF}.Release|Any CPU.ActiveCfg = Release|Any CPU
		{ABA60725-010E-4C77-8948-ECCE70ECB9FF}.Release|Any CPU.Build.0 = Release|Any CPU
		{7E4CE48B-096D-45E4-88EB-23E6D4C3D909}.Debug|Any CPU.ActiveCfg = Debug|Any CPU
		{7E4CE48B-096D-45E4-88EB-23E6D4C3D909}.Debug|Any CPU.Build.0 = Debug|Any CPU
		{7E4CE48B-096D-45E4-88EB-23E6D4C3D909}.Release|Any CPU.ActiveCfg = Release|Any CPU
		{7E4CE48B-096D-45E4-88EB-23E6D4C3D909}.Release|Any CPU.Build.0 = Release|Any CPU
		{7BF38F6A-455D-425A-85FA-596F2ABB128B}.Debug|Any CPU.ActiveCfg = Debug|Any CPU
		{7BF38F6A-455D-425A-85FA-596F2ABB128B}.Debug|Any CPU.Build.0 = Debug|Any CPU
		{7BF38F6A-455D-425A-85FA-596F2ABB128B}.Release|Any CPU.ActiveCfg = Release|Any CPU
		{7BF38F6A-455D-425A-85FA-596F2ABB128B}.Release|Any CPU.Build.0 = Release|Any CPU
		{D06FDE4B-276F-4641-9EF9-C4E7CE5381C4}.Debug|Any CPU.ActiveCfg = Debug|Any CPU
		{D06FDE4B-276F-4641-9EF9-C4E7CE5381C4}.Debug|Any CPU.Build.0 = Debug|Any CPU
		{D06FDE4B-276F-4641-9EF9-C4E7CE5381C4}.Release|Any CPU.ActiveCfg = Release|Any CPU
		{D06FDE4B-276F-4641-9EF9-C4E7CE5381C4}.Release|Any CPU.Build.0 = Release|Any CPU
		{5F24C6F4-6F5B-4388-9BC5-8C0A00336886}.Debug|Any CPU.ActiveCfg = Debug|Any CPU
		{5F24C6F4-6F5B-4388-9BC5-8C0A00336886}.Debug|Any CPU.Build.0 = Debug|Any CPU
		{5F24C6F4-6F5B-4388-9BC5-8C0A00336886}.Release|Any CPU.ActiveCfg = Release|Any CPU
		{5F24C6F4-6F5B-4388-9BC5-8C0A00336886}.Release|Any CPU.Build.0 = Release|Any CPU
		{A792EA33-D7F7-43CD-B75F-7BB18C9CC517}.Debug|Any CPU.ActiveCfg = Debug|Any CPU
		{A792EA33-D7F7-43CD-B75F-7BB18C9CC517}.Debug|Any CPU.Build.0 = Debug|Any CPU
		{A792EA33-D7F7-43CD-B75F-7BB18C9CC517}.Release|Any CPU.ActiveCfg = Release|Any CPU
		{A792EA33-D7F7-43CD-B75F-7BB18C9CC517}.Release|Any CPU.Build.0 = Release|Any CPU
		{C0CF3FB5-BD53-4584-9D98-77AAFE87E4B1}.Debug|Any CPU.ActiveCfg = Debug|Any CPU
		{C0CF3FB5-BD53-4584-9D98-77AAFE87E4B1}.Debug|Any CPU.Build.0 = Debug|Any CPU
		{C0CF3FB5-BD53-4584-9D98-77AAFE87E4B1}.Release|Any CPU.ActiveCfg = Release|Any CPU
		{C0CF3FB5-BD53-4584-9D98-77AAFE87E4B1}.Release|Any CPU.Build.0 = Release|Any CPU
	EndGlobalSection
	GlobalSection(SolutionProperties) = preSolution
		HideSolutionNode = FALSE
	EndGlobalSection
	GlobalSection(NestedProjects) = preSolution
		{0DA8F2C7-3673-4342-872C-416C86F4C932} = {6919C904-8C32-4598-8C6D-D2888BA14BB9}
		{635460D4-81A6-467E-B2E2-BE5F265AA308} = {6919C904-8C32-4598-8C6D-D2888BA14BB9}
		{1C05B751-5F85-488A-B656-8073D148F211} = {6919C904-8C32-4598-8C6D-D2888BA14BB9}
		{5BD17C53-D25D-421A-8898-26C251FA626A} = {6919C904-8C32-4598-8C6D-D2888BA14BB9}
		{2D67CCF5-43DE-47AE-85BF-0F1D5564A8F6} = {0DA8F2C7-3673-4342-872C-416C86F4C932}
		{ABA60725-010E-4C77-8948-ECCE70ECB9FF} = {635460D4-81A6-467E-B2E2-BE5F265AA308}
		{7E4CE48B-096D-45E4-88EB-23E6D4C3D909} = {1C05B751-5F85-488A-B656-8073D148F211}
		{D6A51DC7-74B6-4C9D-B774-2FA4531CEAC7} = {5BD17C53-D25D-421A-8898-26C251FA626A}
		{5C917A6D-652D-4C45-BCB8-926D5EF01311} = {5BD17C53-D25D-421A-8898-26C251FA626A}
		{7BF38F6A-455D-425A-85FA-596F2ABB128B} = {D6A51DC7-74B6-4C9D-B774-2FA4531CEAC7}
		{D06FDE4B-276F-4641-9EF9-C4E7CE5381C4} = {5C917A6D-652D-4C45-BCB8-926D5EF01311}
		{5F24C6F4-6F5B-4388-9BC5-8C0A00336886} = {1C05B751-5F85-488A-B656-8073D148F211}
		{A792EA33-D7F7-43CD-B75F-7BB18C9CC517} = {9C3663E8-9252-4B4C-B8CF-7F2D26BC0E1C}
		{C0CF3FB5-BD53-4584-9D98-77AAFE87E4B1} = {5C917A6D-652D-4C45-BCB8-926D5EF01311}
	EndGlobalSection
	GlobalSection(ExtensibilityGlobals) = postSolution
		SolutionGuid = {D0E0130A-E264-4E70-BC9F-4CD6337E0201}
	EndGlobalSection
EndGlobal
